// !$*UTF8*$!
{
	archiveVersion = 1;
	classes = {
	};
	objectVersion = 50;
	objects = {

/* Begin PBXBuildFile section */
		38A61B7F2518CE5700B48E11 /* ScenesViewController.swift in Sources */ = {isa = PBXBuildFile; fileRef = 38A61B7E2518CE5700B48E11 /* ScenesViewController.swift */; };
		38A61B8D251906F500B48E11 /* BalsamiqSans-Bold.ttf in Resources */ = {isa = PBXBuildFile; fileRef = 38A61B8C251906F500B48E11 /* BalsamiqSans-Bold.ttf */; };
		38A61B92251A1FDA00B48E11 /* SceneCollectionViewCell.swift in Sources */ = {isa = PBXBuildFile; fileRef = 38A61B91251A1FDA00B48E11 /* SceneCollectionViewCell.swift */; };
		38A61B97251B78A600B48E11 /* SceneModel.swift in Sources */ = {isa = PBXBuildFile; fileRef = 38A61B96251B78A600B48E11 /* SceneModel.swift */; };
		AE38E2A62514F02D0076B1A0 /* Audio in Resources */ = {isa = PBXBuildFile; fileRef = AE38E2A52514F02D0076B1A0 /* Audio */; };
		AE4193372512423600CB0DC8 /* AppDelegate.swift in Sources */ = {isa = PBXBuildFile; fileRef = AE4193362512423600CB0DC8 /* AppDelegate.swift */; };
		AE4193392512423600CB0DC8 /* SceneDelegate.swift in Sources */ = {isa = PBXBuildFile; fileRef = AE4193382512423600CB0DC8 /* SceneDelegate.swift */; };
		AE4193402512423A00CB0DC8 /* Assets.xcassets in Resources */ = {isa = PBXBuildFile; fileRef = AE41933F2512423A00CB0DC8 /* Assets.xcassets */; };
		AE4193432512423A00CB0DC8 /* LaunchScreen.storyboard in Resources */ = {isa = PBXBuildFile; fileRef = AE4193412512423A00CB0DC8 /* LaunchScreen.storyboard */; };
		AE41934E2512423A00CB0DC8 /* MundoDeRafaTests.swift in Sources */ = {isa = PBXBuildFile; fileRef = AE41934D2512423A00CB0DC8 /* MundoDeRafaTests.swift */; };
		AE4193592512423A00CB0DC8 /* MundoDeRafaUITests.swift in Sources */ = {isa = PBXBuildFile; fileRef = AE4193582512423A00CB0DC8 /* MundoDeRafaUITests.swift */; };
		AE730E6F25139FD90038F783 /* AppColors.swift in Sources */ = {isa = PBXBuildFile; fileRef = AE730E6E25139FD90038F783 /* AppColors.swift */; };
		AE730E712513A90B0038F783 /* OnboardingViewController.swift in Sources */ = {isa = PBXBuildFile; fileRef = AE730E702513A90B0038F783 /* OnboardingViewController.swift */; };
		AE982D912514DB9000021DA2 /* HomeDefaultView.swift in Sources */ = {isa = PBXBuildFile; fileRef = AE982D902514DB9000021DA2 /* HomeDefaultView.swift */; };
		AE982D992514DFB200021DA2 /* OnboardingView.swift in Sources */ = {isa = PBXBuildFile; fileRef = AE982D982514DFB200021DA2 /* OnboardingView.swift */; };
		EF8DB9432514DC0300B719BC /* StoryCell.swift in Sources */ = {isa = PBXBuildFile; fileRef = EF8DB9422514DC0300B719BC /* StoryCell.swift */; };
		EF8DB9482514DC3300B719BC /* StoryController.swift in Sources */ = {isa = PBXBuildFile; fileRef = EF8DB9472514DC3300B719BC /* StoryController.swift */; };
/* End PBXBuildFile section */

/* Begin PBXContainerItemProxy section */
		AE41934A2512423A00CB0DC8 /* PBXContainerItemProxy */ = {
			isa = PBXContainerItemProxy;
			containerPortal = AE41932B2512423600CB0DC8 /* Project object */;
			proxyType = 1;
			remoteGlobalIDString = AE4193322512423600CB0DC8;
			remoteInfo = MundoDeRafa;
		};
		AE4193552512423A00CB0DC8 /* PBXContainerItemProxy */ = {
			isa = PBXContainerItemProxy;
			containerPortal = AE41932B2512423600CB0DC8 /* Project object */;
			proxyType = 1;
			remoteGlobalIDString = AE4193322512423600CB0DC8;
			remoteInfo = MundoDeRafa;
		};
/* End PBXContainerItemProxy section */

/* Begin PBXFileReference section */
		38A61B7E2518CE5700B48E11 /* ScenesViewController.swift */ = {isa = PBXFileReference; lastKnownFileType = sourcecode.swift; path = ScenesViewController.swift; sourceTree = "<group>"; };
		38A61B8C251906F500B48E11 /* BalsamiqSans-Bold.ttf */ = {isa = PBXFileReference; lastKnownFileType = file; name = "BalsamiqSans-Bold.ttf"; path = "../../../Downloads/Balsamiq_Sans/BalsamiqSans-Bold.ttf"; sourceTree = "<group>"; };
		38A61B91251A1FDA00B48E11 /* SceneCollectionViewCell.swift */ = {isa = PBXFileReference; lastKnownFileType = sourcecode.swift; path = SceneCollectionViewCell.swift; sourceTree = "<group>"; };
		38A61B96251B78A600B48E11 /* SceneModel.swift */ = {isa = PBXFileReference; lastKnownFileType = sourcecode.swift; name = SceneModel.swift; path = MundoDeRafa/View/SceneModel.swift; sourceTree = SOURCE_ROOT; };
		AE38E2A52514F02D0076B1A0 /* Audio */ = {isa = PBXFileReference; lastKnownFileType = folder; path = Audio; sourceTree = "<group>"; };
		AE4193332512423600CB0DC8 /* Mundo de Rafa.app */ = {isa = PBXFileReference; explicitFileType = wrapper.application; includeInIndex = 0; path = "Mundo de Rafa.app"; sourceTree = BUILT_PRODUCTS_DIR; };
		AE4193362512423600CB0DC8 /* AppDelegate.swift */ = {isa = PBXFileReference; lastKnownFileType = sourcecode.swift; path = AppDelegate.swift; sourceTree = "<group>"; };
		AE4193382512423600CB0DC8 /* SceneDelegate.swift */ = {isa = PBXFileReference; lastKnownFileType = sourcecode.swift; path = SceneDelegate.swift; sourceTree = "<group>"; };
		AE41933F2512423A00CB0DC8 /* Assets.xcassets */ = {isa = PBXFileReference; lastKnownFileType = folder.assetcatalog; path = Assets.xcassets; sourceTree = "<group>"; };
		AE4193422512423A00CB0DC8 /* Base */ = {isa = PBXFileReference; lastKnownFileType = file.storyboard; name = Base; path = Base.lproj/LaunchScreen.storyboard; sourceTree = "<group>"; };
		AE4193442512423A00CB0DC8 /* Info.plist */ = {isa = PBXFileReference; lastKnownFileType = text.plist.xml; path = Info.plist; sourceTree = "<group>"; };
		AE4193492512423A00CB0DC8 /* MundoDeRafaTests.xctest */ = {isa = PBXFileReference; explicitFileType = wrapper.cfbundle; includeInIndex = 0; path = MundoDeRafaTests.xctest; sourceTree = BUILT_PRODUCTS_DIR; };
		AE41934D2512423A00CB0DC8 /* MundoDeRafaTests.swift */ = {isa = PBXFileReference; lastKnownFileType = sourcecode.swift; path = MundoDeRafaTests.swift; sourceTree = "<group>"; };
		AE41934F2512423A00CB0DC8 /* Info.plist */ = {isa = PBXFileReference; lastKnownFileType = text.plist.xml; path = Info.plist; sourceTree = "<group>"; };
		AE4193542512423A00CB0DC8 /* MundoDeRafaUITests.xctest */ = {isa = PBXFileReference; explicitFileType = wrapper.cfbundle; includeInIndex = 0; path = MundoDeRafaUITests.xctest; sourceTree = BUILT_PRODUCTS_DIR; };
		AE4193582512423A00CB0DC8 /* MundoDeRafaUITests.swift */ = {isa = PBXFileReference; lastKnownFileType = sourcecode.swift; path = MundoDeRafaUITests.swift; sourceTree = "<group>"; };
		AE41935A2512423A00CB0DC8 /* Info.plist */ = {isa = PBXFileReference; lastKnownFileType = text.plist.xml; path = Info.plist; sourceTree = "<group>"; };
		AE730E6E25139FD90038F783 /* AppColors.swift */ = {isa = PBXFileReference; lastKnownFileType = sourcecode.swift; path = AppColors.swift; sourceTree = "<group>"; };
		AE730E702513A90B0038F783 /* OnboardingViewController.swift */ = {isa = PBXFileReference; lastKnownFileType = sourcecode.swift; path = OnboardingViewController.swift; sourceTree = "<group>"; };
		AE982D902514DB9000021DA2 /* HomeDefaultView.swift */ = {isa = PBXFileReference; lastKnownFileType = sourcecode.swift; path = HomeDefaultView.swift; sourceTree = "<group>"; };
		AE982D982514DFB200021DA2 /* OnboardingView.swift */ = {isa = PBXFileReference; lastKnownFileType = sourcecode.swift; path = OnboardingView.swift; sourceTree = "<group>"; };
		EF8DB9422514DC0300B719BC /* StoryCell.swift */ = {isa = PBXFileReference; lastKnownFileType = sourcecode.swift; path = StoryCell.swift; sourceTree = "<group>"; };
		EF8DB9472514DC3300B719BC /* StoryController.swift */ = {isa = PBXFileReference; lastKnownFileType = sourcecode.swift; path = StoryController.swift; sourceTree = "<group>"; };
/* End PBXFileReference section */

/* Begin PBXFrameworksBuildPhase section */
		AE4193302512423600CB0DC8 /* Frameworks */ = {
			isa = PBXFrameworksBuildPhase;
			buildActionMask = 2147483647;
			files = (
			);
			runOnlyForDeploymentPostprocessing = 0;
		};
		AE4193462512423A00CB0DC8 /* Frameworks */ = {
			isa = PBXFrameworksBuildPhase;
			buildActionMask = 2147483647;
			files = (
			);
			runOnlyForDeploymentPostprocessing = 0;
		};
		AE4193512512423A00CB0DC8 /* Frameworks */ = {
			isa = PBXFrameworksBuildPhase;
			buildActionMask = 2147483647;
			files = (
			);
			runOnlyForDeploymentPostprocessing = 0;
		};
/* End PBXFrameworksBuildPhase section */

/* Begin PBXGroup section */
		AE38E2A42514F0210076B1A0 /* Resources */ = {
			isa = PBXGroup;
			children = (
				AE38E2A52514F02D0076B1A0 /* Audio */,
			);
			path = Resources;
			sourceTree = "<group>";
		};
		AE41932A2512423600CB0DC8 = {
			isa = PBXGroup;
			children = (
				38A61B8C251906F500B48E11 /* BalsamiqSans-Bold.ttf */,
				AE4193352512423600CB0DC8 /* MundoDeRafa */,
				AE41934C2512423A00CB0DC8 /* MundoDeRafaTests */,
				AE4193572512423A00CB0DC8 /* MundoDeRafaUITests */,
				AE4193342512423600CB0DC8 /* Products */,
			);
			sourceTree = "<group>";
		};
		AE4193342512423600CB0DC8 /* Products */ = {
			isa = PBXGroup;
			children = (
				AE4193332512423600CB0DC8 /* Mundo de Rafa.app */,
				AE4193492512423A00CB0DC8 /* MundoDeRafaTests.xctest */,
				AE4193542512423A00CB0DC8 /* MundoDeRafaUITests.xctest */,
			);
			name = Products;
			sourceTree = "<group>";
		};
		AE4193352512423600CB0DC8 /* MundoDeRafa */ = {
			isa = PBXGroup;
			children = (
				AE730E6D25139E8D0038F783 /* Extensions */,
				AE982D8F2514DA6D00021DA2 /* Model */,
				AE41936825124C1500CB0DC8 /* View */,
				AE41936925124C1B00CB0DC8 /* Controller */,
				AE41936B25124C3300CB0DC8 /* Config */,
				AE38E2A42514F0210076B1A0 /* Resources */,
				AE41933F2512423A00CB0DC8 /* Assets.xcassets */,
			);
			path = MundoDeRafa;
			sourceTree = "<group>";
		};
		AE41934C2512423A00CB0DC8 /* MundoDeRafaTests */ = {
			isa = PBXGroup;
			children = (
				AE41934D2512423A00CB0DC8 /* MundoDeRafaTests.swift */,
				AE41934F2512423A00CB0DC8 /* Info.plist */,
			);
			path = MundoDeRafaTests;
			sourceTree = "<group>";
		};
		AE4193572512423A00CB0DC8 /* MundoDeRafaUITests */ = {
			isa = PBXGroup;
			children = (
				AE4193582512423A00CB0DC8 /* MundoDeRafaUITests.swift */,
				AE41935A2512423A00CB0DC8 /* Info.plist */,
			);
			path = MundoDeRafaUITests;
			sourceTree = "<group>";
		};
		AE41936825124C1500CB0DC8 /* View */ = {
			isa = PBXGroup;
			children = (
				AE982D902514DB9000021DA2 /* HomeDefaultView.swift */,
				AE982D982514DFB200021DA2 /* OnboardingView.swift */,
				AE4193412512423A00CB0DC8 /* LaunchScreen.storyboard */,
				EF8DB9422514DC0300B719BC /* StoryCell.swift */,
				38A61B91251A1FDA00B48E11 /* SceneCollectionViewCell.swift */,
			);
			path = View;
			sourceTree = "<group>";
		};
		AE41936925124C1B00CB0DC8 /* Controller */ = {
			isa = PBXGroup;
			children = (
				AE730E702513A90B0038F783 /* OnboardingViewController.swift */,
				EF8DB9472514DC3300B719BC /* StoryController.swift */,
				38A61B7E2518CE5700B48E11 /* ScenesViewController.swift */,
			);
			path = Controller;
			sourceTree = "<group>";
		};
		AE41936B25124C3300CB0DC8 /* Config */ = {
			isa = PBXGroup;
			children = (
				AE4193362512423600CB0DC8 /* AppDelegate.swift */,
				AE4193382512423600CB0DC8 /* SceneDelegate.swift */,
				AE4193442512423A00CB0DC8 /* Info.plist */,
			);
			path = Config;
			sourceTree = "<group>";
		};
		AE730E6D25139E8D0038F783 /* Extensions */ = {
			isa = PBXGroup;
			children = (
				AE730E6E25139FD90038F783 /* AppColors.swift */,
			);
			path = Extensions;
			sourceTree = "<group>";
		};
		AE982D8F2514DA6D00021DA2 /* Model */ = {
			isa = PBXGroup;
			children = (
				38A61B96251B78A600B48E11 /* SceneModel.swift */,
			);
			path = Model;
			sourceTree = "<group>";
		};
/* End PBXGroup section */

/* Begin PBXNativeTarget section */
		AE4193322512423600CB0DC8 /* MundoDeRafa */ = {
			isa = PBXNativeTarget;
			buildConfigurationList = AE41935D2512423A00CB0DC8 /* Build configuration list for PBXNativeTarget "MundoDeRafa" */;
			buildPhases = (
				AE41932F2512423600CB0DC8 /* Sources */,
				AE4193302512423600CB0DC8 /* Frameworks */,
				AE4193312512423600CB0DC8 /* Resources */,
				AE4193662512445800CB0DC8 /* ShellScript */,
			);
			buildRules = (
			);
			dependencies = (
			);
			name = MundoDeRafa;
			productName = MundoDeRafa;
			productReference = AE4193332512423600CB0DC8 /* Mundo de Rafa.app */;
			productType = "com.apple.product-type.application";
		};
		AE4193482512423A00CB0DC8 /* MundoDeRafaTests */ = {
			isa = PBXNativeTarget;
			buildConfigurationList = AE4193602512423A00CB0DC8 /* Build configuration list for PBXNativeTarget "MundoDeRafaTests" */;
			buildPhases = (
				AE4193452512423A00CB0DC8 /* Sources */,
				AE4193462512423A00CB0DC8 /* Frameworks */,
				AE4193472512423A00CB0DC8 /* Resources */,
			);
			buildRules = (
			);
			dependencies = (
				AE41934B2512423A00CB0DC8 /* PBXTargetDependency */,
			);
			name = MundoDeRafaTests;
			productName = MundoDeRafaTests;
			productReference = AE4193492512423A00CB0DC8 /* MundoDeRafaTests.xctest */;
			productType = "com.apple.product-type.bundle.unit-test";
		};
		AE4193532512423A00CB0DC8 /* MundoDeRafaUITests */ = {
			isa = PBXNativeTarget;
			buildConfigurationList = AE4193632512423A00CB0DC8 /* Build configuration list for PBXNativeTarget "MundoDeRafaUITests" */;
			buildPhases = (
				AE4193502512423A00CB0DC8 /* Sources */,
				AE4193512512423A00CB0DC8 /* Frameworks */,
				AE4193522512423A00CB0DC8 /* Resources */,
			);
			buildRules = (
			);
			dependencies = (
				AE4193562512423A00CB0DC8 /* PBXTargetDependency */,
			);
			name = MundoDeRafaUITests;
			productName = MundoDeRafaUITests;
			productReference = AE4193542512423A00CB0DC8 /* MundoDeRafaUITests.xctest */;
			productType = "com.apple.product-type.bundle.ui-testing";
		};
/* End PBXNativeTarget section */

/* Begin PBXProject section */
		AE41932B2512423600CB0DC8 /* Project object */ = {
			isa = PBXProject;
			attributes = {
				LastSwiftUpdateCheck = 1170;
				LastUpgradeCheck = 1200;
				ORGANIZATIONNAME = "Albert Rayneer";
				TargetAttributes = {
					AE4193322512423600CB0DC8 = {
						CreatedOnToolsVersion = 11.7;
					};
					AE4193482512423A00CB0DC8 = {
						CreatedOnToolsVersion = 11.7;
						TestTargetID = AE4193322512423600CB0DC8;
					};
					AE4193532512423A00CB0DC8 = {
						CreatedOnToolsVersion = 11.7;
						TestTargetID = AE4193322512423600CB0DC8;
					};
				};
			};
			buildConfigurationList = AE41932E2512423600CB0DC8 /* Build configuration list for PBXProject "MundoDeRafa" */;
			compatibilityVersion = "Xcode 9.3";
			developmentRegion = en;
			hasScannedForEncodings = 0;
			knownRegions = (
				en,
				Base,
			);
			mainGroup = AE41932A2512423600CB0DC8;
			productRefGroup = AE4193342512423600CB0DC8 /* Products */;
			projectDirPath = "";
			projectRoot = "";
			targets = (
				AE4193322512423600CB0DC8 /* MundoDeRafa */,
				AE4193482512423A00CB0DC8 /* MundoDeRafaTests */,
				AE4193532512423A00CB0DC8 /* MundoDeRafaUITests */,
			);
		};
/* End PBXProject section */

/* Begin PBXResourcesBuildPhase section */
		AE4193312512423600CB0DC8 /* Resources */ = {
			isa = PBXResourcesBuildPhase;
			buildActionMask = 2147483647;
			files = (
				AE38E2A62514F02D0076B1A0 /* Audio in Resources */,
				AE4193432512423A00CB0DC8 /* LaunchScreen.storyboard in Resources */,
				38A61B8D251906F500B48E11 /* BalsamiqSans-Bold.ttf in Resources */,
				AE4193402512423A00CB0DC8 /* Assets.xcassets in Resources */,
			);
			runOnlyForDeploymentPostprocessing = 0;
		};
		AE4193472512423A00CB0DC8 /* Resources */ = {
			isa = PBXResourcesBuildPhase;
			buildActionMask = 2147483647;
			files = (
			);
			runOnlyForDeploymentPostprocessing = 0;
		};
		AE4193522512423A00CB0DC8 /* Resources */ = {
			isa = PBXResourcesBuildPhase;
			buildActionMask = 2147483647;
			files = (
			);
			runOnlyForDeploymentPostprocessing = 0;
		};
/* End PBXResourcesBuildPhase section */

/* Begin PBXShellScriptBuildPhase section */
		AE4193662512445800CB0DC8 /* ShellScript */ = {
			isa = PBXShellScriptBuildPhase;
			buildActionMask = 2147483647;
			files = (
			);
			inputFileListPaths = (
			);
			inputPaths = (
			);
			outputFileListPaths = (
			);
			outputPaths = (
			);
			runOnlyForDeploymentPostprocessing = 0;
			shellPath = /bin/sh;
			shellScript = "if which swiftlint >/dev/null; then\n  swiftlint\nelse\n  echo \"warning: SwiftLint not installed, download from https://github.com/realm/SwiftLint\"\nfi\n";
		};
/* End PBXShellScriptBuildPhase section */

/* Begin PBXSourcesBuildPhase section */
		AE41932F2512423600CB0DC8 /* Sources */ = {
			isa = PBXSourcesBuildPhase;
			buildActionMask = 2147483647;
			files = (
				38A61B97251B78A600B48E11 /* SceneModel.swift in Sources */,
				AE730E6F25139FD90038F783 /* AppColors.swift in Sources */,
				38A61B7F2518CE5700B48E11 /* ScenesViewController.swift in Sources */,
				EF8DB9482514DC3300B719BC /* StoryController.swift in Sources */,
				AE730E712513A90B0038F783 /* OnboardingViewController.swift in Sources */,
				AE4193372512423600CB0DC8 /* AppDelegate.swift in Sources */,
				AE982D992514DFB200021DA2 /* OnboardingView.swift in Sources */,
				AE982D912514DB9000021DA2 /* HomeDefaultView.swift in Sources */,
				AE4193392512423600CB0DC8 /* SceneDelegate.swift in Sources */,
				EF8DB9432514DC0300B719BC /* StoryCell.swift in Sources */,
				38A61B92251A1FDA00B48E11 /* SceneCollectionViewCell.swift in Sources */,
			);
			runOnlyForDeploymentPostprocessing = 0;
		};
		AE4193452512423A00CB0DC8 /* Sources */ = {
			isa = PBXSourcesBuildPhase;
			buildActionMask = 2147483647;
			files = (
				AE41934E2512423A00CB0DC8 /* MundoDeRafaTests.swift in Sources */,
			);
			runOnlyForDeploymentPostprocessing = 0;
		};
		AE4193502512423A00CB0DC8 /* Sources */ = {
			isa = PBXSourcesBuildPhase;
			buildActionMask = 2147483647;
			files = (
				AE4193592512423A00CB0DC8 /* MundoDeRafaUITests.swift in Sources */,
			);
			runOnlyForDeploymentPostprocessing = 0;
		};
/* End PBXSourcesBuildPhase section */

/* Begin PBXTargetDependency section */
		AE41934B2512423A00CB0DC8 /* PBXTargetDependency */ = {
			isa = PBXTargetDependency;
			target = AE4193322512423600CB0DC8 /* MundoDeRafa */;
			targetProxy = AE41934A2512423A00CB0DC8 /* PBXContainerItemProxy */;
		};
		AE4193562512423A00CB0DC8 /* PBXTargetDependency */ = {
			isa = PBXTargetDependency;
			target = AE4193322512423600CB0DC8 /* MundoDeRafa */;
			targetProxy = AE4193552512423A00CB0DC8 /* PBXContainerItemProxy */;
		};
/* End PBXTargetDependency section */

/* Begin PBXVariantGroup section */
		AE4193412512423A00CB0DC8 /* LaunchScreen.storyboard */ = {
			isa = PBXVariantGroup;
			children = (
				AE4193422512423A00CB0DC8 /* Base */,
			);
			name = LaunchScreen.storyboard;
			sourceTree = "<group>";
		};
/* End PBXVariantGroup section */

/* Begin XCBuildConfiguration section */
		AE41935B2512423A00CB0DC8 /* Debug */ = {
			isa = XCBuildConfiguration;
			buildSettings = {
				ALWAYS_SEARCH_USER_PATHS = NO;
				CLANG_ANALYZER_NONNULL = YES;
				CLANG_ANALYZER_NUMBER_OBJECT_CONVERSION = YES_AGGRESSIVE;
				CLANG_CXX_LANGUAGE_STANDARD = "gnu++14";
				CLANG_CXX_LIBRARY = "libc++";
				CLANG_ENABLE_MODULES = YES;
				CLANG_ENABLE_OBJC_ARC = YES;
				CLANG_ENABLE_OBJC_WEAK = YES;
				CLANG_WARN_BLOCK_CAPTURE_AUTORELEASING = YES;
				CLANG_WARN_BOOL_CONVERSION = YES;
				CLANG_WARN_COMMA = YES;
				CLANG_WARN_CONSTANT_CONVERSION = YES;
				CLANG_WARN_DEPRECATED_OBJC_IMPLEMENTATIONS = YES;
				CLANG_WARN_DIRECT_OBJC_ISA_USAGE = YES_ERROR;
				CLANG_WARN_DOCUMENTATION_COMMENTS = YES;
				CLANG_WARN_EMPTY_BODY = YES;
				CLANG_WARN_ENUM_CONVERSION = YES;
				CLANG_WARN_INFINITE_RECURSION = YES;
				CLANG_WARN_INT_CONVERSION = YES;
				CLANG_WARN_NON_LITERAL_NULL_CONVERSION = YES;
				CLANG_WARN_OBJC_IMPLICIT_RETAIN_SELF = YES;
				CLANG_WARN_OBJC_LITERAL_CONVERSION = YES;
				CLANG_WARN_OBJC_ROOT_CLASS = YES_ERROR;
				CLANG_WARN_QUOTED_INCLUDE_IN_FRAMEWORK_HEADER = YES;
				CLANG_WARN_RANGE_LOOP_ANALYSIS = YES;
				CLANG_WARN_STRICT_PROTOTYPES = YES;
				CLANG_WARN_SUSPICIOUS_MOVE = YES;
				CLANG_WARN_UNGUARDED_AVAILABILITY = YES_AGGRESSIVE;
				CLANG_WARN_UNREACHABLE_CODE = YES;
				CLANG_WARN__DUPLICATE_METHOD_MATCH = YES;
				COPY_PHASE_STRIP = NO;
				DEBUG_INFORMATION_FORMAT = dwarf;
				ENABLE_STRICT_OBJC_MSGSEND = YES;
				ENABLE_TESTABILITY = YES;
				GCC_C_LANGUAGE_STANDARD = gnu11;
				GCC_DYNAMIC_NO_PIC = NO;
				GCC_NO_COMMON_BLOCKS = YES;
				GCC_OPTIMIZATION_LEVEL = 0;
				GCC_PREPROCESSOR_DEFINITIONS = (
					"DEBUG=1",
					"$(inherited)",
				);
				GCC_WARN_64_TO_32_BIT_CONVERSION = YES;
				GCC_WARN_ABOUT_RETURN_TYPE = YES_ERROR;
				GCC_WARN_UNDECLARED_SELECTOR = YES;
				GCC_WARN_UNINITIALIZED_AUTOS = YES_AGGRESSIVE;
				GCC_WARN_UNUSED_FUNCTION = YES;
				GCC_WARN_UNUSED_VARIABLE = YES;
				IPHONEOS_DEPLOYMENT_TARGET = 13.7;
				MTL_ENABLE_DEBUG_INFO = INCLUDE_SOURCE;
				MTL_FAST_MATH = YES;
				ONLY_ACTIVE_ARCH = YES;
				SDKROOT = iphoneos;
				SWIFT_ACTIVE_COMPILATION_CONDITIONS = DEBUG;
				SWIFT_OPTIMIZATION_LEVEL = "-Onone";
			};
			name = Debug;
		};
		AE41935C2512423A00CB0DC8 /* Release */ = {
			isa = XCBuildConfiguration;
			buildSettings = {
				ALWAYS_SEARCH_USER_PATHS = NO;
				CLANG_ANALYZER_NONNULL = YES;
				CLANG_ANALYZER_NUMBER_OBJECT_CONVERSION = YES_AGGRESSIVE;
				CLANG_CXX_LANGUAGE_STANDARD = "gnu++14";
				CLANG_CXX_LIBRARY = "libc++";
				CLANG_ENABLE_MODULES = YES;
				CLANG_ENABLE_OBJC_ARC = YES;
				CLANG_ENABLE_OBJC_WEAK = YES;
				CLANG_WARN_BLOCK_CAPTURE_AUTORELEASING = YES;
				CLANG_WARN_BOOL_CONVERSION = YES;
				CLANG_WARN_COMMA = YES;
				CLANG_WARN_CONSTANT_CONVERSION = YES;
				CLANG_WARN_DEPRECATED_OBJC_IMPLEMENTATIONS = YES;
				CLANG_WARN_DIRECT_OBJC_ISA_USAGE = YES_ERROR;
				CLANG_WARN_DOCUMENTATION_COMMENTS = YES;
				CLANG_WARN_EMPTY_BODY = YES;
				CLANG_WARN_ENUM_CONVERSION = YES;
				CLANG_WARN_INFINITE_RECURSION = YES;
				CLANG_WARN_INT_CONVERSION = YES;
				CLANG_WARN_NON_LITERAL_NULL_CONVERSION = YES;
				CLANG_WARN_OBJC_IMPLICIT_RETAIN_SELF = YES;
				CLANG_WARN_OBJC_LITERAL_CONVERSION = YES;
				CLANG_WARN_OBJC_ROOT_CLASS = YES_ERROR;
				CLANG_WARN_QUOTED_INCLUDE_IN_FRAMEWORK_HEADER = YES;
				CLANG_WARN_RANGE_LOOP_ANALYSIS = YES;
				CLANG_WARN_STRICT_PROTOTYPES = YES;
				CLANG_WARN_SUSPICIOUS_MOVE = YES;
				CLANG_WARN_UNGUARDED_AVAILABILITY = YES_AGGRESSIVE;
				CLANG_WARN_UNREACHABLE_CODE = YES;
				CLANG_WARN__DUPLICATE_METHOD_MATCH = YES;
				COPY_PHASE_STRIP = NO;
				DEBUG_INFORMATION_FORMAT = "dwarf-with-dsym";
				ENABLE_NS_ASSERTIONS = NO;
				ENABLE_STRICT_OBJC_MSGSEND = YES;
				GCC_C_LANGUAGE_STANDARD = gnu11;
				GCC_NO_COMMON_BLOCKS = YES;
				GCC_WARN_64_TO_32_BIT_CONVERSION = YES;
				GCC_WARN_ABOUT_RETURN_TYPE = YES_ERROR;
				GCC_WARN_UNDECLARED_SELECTOR = YES;
				GCC_WARN_UNINITIALIZED_AUTOS = YES_AGGRESSIVE;
				GCC_WARN_UNUSED_FUNCTION = YES;
				GCC_WARN_UNUSED_VARIABLE = YES;
				IPHONEOS_DEPLOYMENT_TARGET = 13.7;
				MTL_ENABLE_DEBUG_INFO = NO;
				MTL_FAST_MATH = YES;
				SDKROOT = iphoneos;
				SWIFT_COMPILATION_MODE = wholemodule;
				SWIFT_OPTIMIZATION_LEVEL = "-O";
				VALIDATE_PRODUCT = YES;
			};
			name = Release;
		};
		AE41935E2512423A00CB0DC8 /* Debug */ = {
			isa = XCBuildConfiguration;
			buildSettings = {
				ASSETCATALOG_COMPILER_APPICON_NAME = AppIcon;
				CODE_SIGN_STYLE = Automatic;
				DEVELOPMENT_TEAM = "";
				INFOPLIST_FILE = MundoDeRafa/Config/Info.plist;
				IPHONEOS_DEPLOYMENT_TARGET = 12.0;
				LD_RUNPATH_SEARCH_PATHS = (
					"$(inherited)",
					"@executable_path/Frameworks",
				);
				PRODUCT_BUNDLE_IDENTIFIER = com.mundoDeRafa.MundoDeRafa;
				PRODUCT_NAME = "Mundo de Rafa";
				SWIFT_VERSION = 5.0;
				TARGETED_DEVICE_FAMILY = "1,2";
			};
			name = Debug;
		};
		AE41935F2512423A00CB0DC8 /* Release */ = {
			isa = XCBuildConfiguration;
			buildSettings = {
				ASSETCATALOG_COMPILER_APPICON_NAME = AppIcon;
				CODE_SIGN_STYLE = Automatic;
				DEVELOPMENT_TEAM = "";
				INFOPLIST_FILE = MundoDeRafa/Config/Info.plist;
				IPHONEOS_DEPLOYMENT_TARGET = 12.0;
				LD_RUNPATH_SEARCH_PATHS = (
					"$(inherited)",
					"@executable_path/Frameworks",
				);
				PRODUCT_BUNDLE_IDENTIFIER = com.mundoDeRafa.MundoDeRafa;
				PRODUCT_NAME = "Mundo de Rafa";
				SWIFT_VERSION = 5.0;
				TARGETED_DEVICE_FAMILY = "1,2";
			};
			name = Release;
		};
		AE4193612512423A00CB0DC8 /* Debug */ = {
			isa = XCBuildConfiguration;
			buildSettings = {
				ALWAYS_EMBED_SWIFT_STANDARD_LIBRARIES = YES;
				BUNDLE_LOADER = "$(TEST_HOST)";
				CODE_SIGN_STYLE = Automatic;
				DEVELOPMENT_TEAM = "";
				INFOPLIST_FILE = MundoDeRafaTests/Info.plist;
				IPHONEOS_DEPLOYMENT_TARGET = 13.7;
				LD_RUNPATH_SEARCH_PATHS = (
					"$(inherited)",
					"@executable_path/Frameworks",
					"@loader_path/Frameworks",
				);
				PRODUCT_BUNDLE_IDENTIFIER = com.freela.MundoDeRafaTests;
				PRODUCT_NAME = "$(TARGET_NAME)";
				SWIFT_VERSION = 5.0;
				TARGETED_DEVICE_FAMILY = "1,2";
				TEST_HOST = "$(BUILT_PRODUCTS_DIR)/MundoDeRafa.app/MundoDeRafa";
			};
			name = Debug;
		};
		AE4193622512423A00CB0DC8 /* Release */ = {
			isa = XCBuildConfiguration;
			buildSettings = {
				ALWAYS_EMBED_SWIFT_STANDARD_LIBRARIES = YES;
				BUNDLE_LOADER = "$(TEST_HOST)";
				CODE_SIGN_STYLE = Automatic;
				DEVELOPMENT_TEAM = "";
				INFOPLIST_FILE = MundoDeRafaTests/Info.plist;
				IPHONEOS_DEPLOYMENT_TARGET = 13.7;
				LD_RUNPATH_SEARCH_PATHS = (
					"$(inherited)",
					"@executable_path/Frameworks",
					"@loader_path/Frameworks",
				);
				PRODUCT_BUNDLE_IDENTIFIER = com.freela.MundoDeRafaTests;
				PRODUCT_NAME = "$(TARGET_NAME)";
				SWIFT_VERSION = 5.0;
				TARGETED_DEVICE_FAMILY = "1,2";
				TEST_HOST = "$(BUILT_PRODUCTS_DIR)/MundoDeRafa.app/MundoDeRafa";
			};
			name = Release;
		};
		AE4193642512423A00CB0DC8 /* Debug */ = {
			isa = XCBuildConfiguration;
			buildSettings = {
				ALWAYS_EMBED_SWIFT_STANDARD_LIBRARIES = YES;
				CODE_SIGN_STYLE = Automatic;
				DEVELOPMENT_TEAM = "";
				INFOPLIST_FILE = MundoDeRafaUITests/Info.plist;
				LD_RUNPATH_SEARCH_PATHS = (
					"$(inherited)",
					"@executable_path/Frameworks",
					"@loader_path/Frameworks",
				);
				PRODUCT_BUNDLE_IDENTIFIER = com.freela.MundoDeRafaUITests;
				PRODUCT_NAME = "$(TARGET_NAME)";
				SWIFT_VERSION = 5.0;
				TARGETED_DEVICE_FAMILY = "1,2";
				TEST_TARGET_NAME = MundoDeRafa;
			};
			name = Debug;
		};
		AE4193652512423A00CB0DC8 /* Release */ = {
			isa = XCBuildConfiguration;
			buildSettings = {
				ALWAYS_EMBED_SWIFT_STANDARD_LIBRARIES = YES;
				CODE_SIGN_STYLE = Automatic;
				DEVELOPMENT_TEAM = "";
				INFOPLIST_FILE = MundoDeRafaUITests/Info.plist;
				LD_RUNPATH_SEARCH_PATHS = (
					"$(inherited)",
					"@executable_path/Frameworks",
					"@loader_path/Frameworks",
				);
				PRODUCT_BUNDLE_IDENTIFIER = com.freela.MundoDeRafaUITests;
				PRODUCT_NAME = "$(TARGET_NAME)";
				SWIFT_VERSION = 5.0;
				TARGETED_DEVICE_FAMILY = "1,2";
				TEST_TARGET_NAME = MundoDeRafa;
			};
			name = Release;
		};
/* End XCBuildConfiguration section */

/* Begin XCConfigurationList section */
		AE41932E2512423600CB0DC8 /* Build configuration list for PBXProject "MundoDeRafa" */ = {
			isa = XCConfigurationList;
			buildConfigurations = (
				AE41935B2512423A00CB0DC8 /* Debug */,
				AE41935C2512423A00CB0DC8 /* Release */,
			);
			defaultConfigurationIsVisible = 0;
			defaultConfigurationName = Release;
		};
		AE41935D2512423A00CB0DC8 /* Build configuration list for PBXNativeTarget "MundoDeRafa" */ = {
			isa = XCConfigurationList;
			buildConfigurations = (
				AE41935E2512423A00CB0DC8 /* Debug */,
				AE41935F2512423A00CB0DC8 /* Release */,
			);
			defaultConfigurationIsVisible = 0;
			defaultConfigurationName = Release;
		};
		AE4193602512423A00CB0DC8 /* Build configuration list for PBXNativeTarget "MundoDeRafaTests" */ = {
			isa = XCConfigurationList;
			buildConfigurations = (
				AE4193612512423A00CB0DC8 /* Debug */,
				AE4193622512423A00CB0DC8 /* Release */,
			);
			defaultConfigurationIsVisible = 0;
			defaultConfigurationName = Release;
		};
		AE4193632512423A00CB0DC8 /* Build configuration list for PBXNativeTarget "MundoDeRafaUITests" */ = {
			isa = XCConfigurationList;
			buildConfigurations = (
				AE4193642512423A00CB0DC8 /* Debug */,
				AE4193652512423A00CB0DC8 /* Release */,
			);
			defaultConfigurationIsVisible = 0;
			defaultConfigurationName = Release;
		};
/* End XCConfigurationList section */
	};
	rootObject = AE41932B2512423600CB0DC8 /* Project object */;
}
